
Microsoft Visual Studio Solution File, Format Version 12.00
# Visual Studio Version 16
VisualStudioVersion = 16.0.29123.88
MinimumVisualStudioVersion = 10.0.40219.1
Project("{FAE04EC0-301F-11D3-BF4B-00C04F79EFBC}") = "WebSocketsInAndOut", "WebSocketsInAndOut\WebSocketsInAndOut.csproj", "{519D11F7-5999-4EEF-9DA7-8D54919AF72B}"
EndProject
Global
	GlobalSection(SolutionConfigurationPlatforms) = preSolution
		Debug|Any CPU = Debug|Any CPU
		Release|Any CPU = Release|Any CPU
	EndGlobalSection
	GlobalSection(ProjectConfigurationPlatforms) = postSolution
		{519D11F7-5999-4EEF-9DA7-8D54919AF72B}.Debug|Any CPU.ActiveCfg = Debug|Any CPU
		{519D11F7-5999-4EEF-9DA7-8D54919AF72B}.Debug|Any CPU.Build.0 = Debug|Any CPU
		{519D11F7-5999-4EEF-9DA7-8D54919AF72B}.Release|Any CPU.ActiveCfg = Release|Any CPU
		{519D11F7-5999-4EEF-9DA7-8D54919AF72B}.Release|Any CPU.Build.0 = Release|Any CPU
	EndGlobalSection
	GlobalSection(SolutionProperties) = preSolution
		HideSolutionNode = FALSE
	EndGlobalSection
	GlobalSection(ExtensibilityGlobals) = postSolution
		SolutionGuid = {A2FFA154-A4D1-4F76-BEE5-8632918879A5}
	EndGlobalSection
EndGlobal
